
Microsoft Visual Studio Solution File, Format Version 12.00
# Visual Studio 15
Project("{FAE04EC0-301F-11D3-BF4B-00C04F79EFBC}") = "Assembly-CSharp", "Assembly-CSharp.csproj", "{5EF533ED-126E-676F-66A5-0EDA0F057E2D}"
EndProject
Project("{FAE04EC0-301F-11D3-BF4B-00C04F79EFBC}") = "Assembly-CSharp-Editor", "Assembly-CSharp-Editor.csproj", "{DD96F793-CF98-92F1-D082-59A5B46C261C}"
EndProject
Global
	GlobalSection(SolutionConfigurationPlatforms) = preSolution
		Debug|Any CPU = Debug|Any CPU
		Release|Any CPU = Release|Any CPU
	EndGlobalSection
	GlobalSection(ProjectConfigurationPlatforms) = postSolution
		{5EF533ED-126E-676F-66A5-0EDA0F057E2D}.Debug|Any CPU.ActiveCfg = Debug|Any CPU
		{5EF533ED-126E-676F-66A5-0EDA0F057E2D}.Debug|Any CPU.Build.0 = Debug|Any CPU
		{5EF533ED-126E-676F-66A5-0EDA0F057E2D}.Release|Any CPU.ActiveCfg = Release|Any CPU
		{5EF533ED-126E-676F-66A5-0EDA0F057E2D}.Release|Any CPU.Build.0 = Release|Any CPU
		{DD96F793-CF98-92F1-D082-59A5B46C261C}.Debug|Any CPU.ActiveCfg = Debug|Any CPU
		{DD96F793-CF98-92F1-D082-59A5B46C261C}.Debug|Any CPU.Build.0 = Debug|Any CPU
		{DD96F793-CF98-92F1-D082-59A5B46C261C}.Release|Any CPU.ActiveCfg = Release|Any CPU
		{DD96F793-CF98-92F1-D082-59A5B46C261C}.Release|Any CPU.Build.0 = Release|Any CPU
	EndGlobalSection
	GlobalSection(SolutionProperties) = preSolution
		HideSolutionNode = FALSE
	EndGlobalSection
EndGlobal
